# THIS IS AN AUTOGENERATED FILE. DO NOT EDIT THIS FILE DIRECTLY.
# yarn lockfile v1


desandro-matches-selector@^2.0.0:
  version "2.0.2"
  resolved "https://registry.yarnpkg.com/desandro-matches-selector/-/desandro-matches-selector-2.0.2.tgz#717beed4dc13e7d8f3762f707a6d58a6774218e1"
  integrity sha1-cXvu1NwT59jzdi9wem1YpndCGOE=

ev-emitter@^1.0.1, ev-emitter@^1.1.1:
  version "1.1.1"
  resolved "https://registry.yarnpkg.com/ev-emitter/-/ev-emitter-1.1.1.tgz#8f18b0ce5c76a5d18017f71c0a795c65b9138f2a"
  integrity sha512-ipiDYhdQSCZ4hSbX4rMW+XzNKMD1prg/sTvoVmSLkuQ1MVlwjJQQA+sW8tMYR3BLUr9KjodFV4pvzunvRhd33Q==

fizzy-ui-utils@^2.0.7:
  version "2.0.7"
  resolved "https://registry.yarnpkg.com/fizzy-ui-utils/-/fizzy-ui-utils-2.0.7.tgz#7df45dcc4eb374a08b65d39bb9a4beedf7330505"
  integrity sha512-CZXDVXQ1If3/r8s0T+v+qVeMshhfcuq0rqIFgJnrtd+Bu8GmDmqMjntjUePypVtjHXKJ6V4sw9zeyox34n9aCg==
  dependencies:
    desandro-matches-selector "^2.0.0"

flickity@^2.2.2:
  version "2.2.2"
  resolved "https://registry.yarnpkg.com/flickity/-/flickity-2.2.2.tgz#29597ac4d9b81938a58610a0eeb9db915508063d"
  integrity sha512-yiPMuP8tw/zN7ARgeSLZNvzK11GkzI2mp/zlYBsyttguSCROAqxj6wiN2sSfPfW3xMG3hcUHxWUXNQMlk/wYcg==
  dependencies:
    desandro-matches-selector "^2.0.0"
    ev-emitter "^1.1.1"
    fizzy-ui-utils "^2.0.7"
    get-size "^2.0.3"
    unidragger "^2.3.0"
    unipointer "^2.3.0"

get-size@^2.0.3:
  version "2.0.3"
  resolved "https://registry.yarnpkg.com/get-size/-/get-size-2.0.3.tgz#54a1d0256b20ea7ac646516756202769941ad2ef"
  integrity sha512-lXNzT/h/dTjTxRbm9BXb+SGxxzkm97h/PCIKtlN/CBCxxmkkIVV21udumMS93MuVTDX583gqc94v3RjuHmI+2Q==

lodash@^4.17.20:
  version "4.17.20"
  resolved "https://registry.yarnpkg.com/lodash/-/lodash-4.17.20.tgz#b44a9b6297bcb698f1c51a3545a2b3b368d59c52"
  integrity sha512-PlhdFcillOINfeV7Ni6oF1TAEayyZBoZ8bcshTHqOYJYlrqzRK5hagpagky5o4HfCzzd1TRkXPMFq6cKk9rGmA==

slug@^4.0.2:
  version "4.0.2"
  resolved "https://registry.yarnpkg.com/slug/-/slug-4.0.2.tgz#35a62b4e71582778ac08bb30a1bf439fd0a43ea7"
  integrity sha512-c5XbWkwxHU13gAdSvBHQgnGy2sxv/REMz0ugcM0SOSBCO/N4wfU0TDBC3pgdOwVGjZwGnLBTRljXzdVYE+KYNw==

unidragger@^2.3.0:
  version "2.3.1"
  resolved "https://registry.yarnpkg.com/unidragger/-/unidragger-2.3.1.tgz#2e8c34feff61affa96dc895234ddfc1ea4ec7515"
  integrity sha512-u+IgG7AG0MXJTKcdzAIYxCm+W5FcnA9M28203Awl6jIcE3/+9OtEyUX4Wv64y7XNKEVRKPot52IV4V6x7FlF5Q==
  dependencies:
    unipointer "^2.3.0"

unipointer@^2.3.0:
  version "2.3.0"
  resolved "https://registry.yarnpkg.com/unipointer/-/unipointer-2.3.0.tgz#ba0dc462ce31c2a88e80810e19c3bae0ce47ed9f"
  integrity sha512-m85sAoELCZhogI1owtJV3Dva7GxkHk2lI7A0otw3o0OwCuC/Q9gi7ehddigEYIAYbhkqNdri+dU1QQkrcBvirQ==
  dependencies:
    ev-emitter "^1.0.1"
